
Microsoft Visual Studio Solution File, Format Version 12.00
# Visual Studio 15
VisualStudioVersion = 15.0.27703.2026
MinimumVisualStudioVersion = 10.0.40219.1
Project("{FAE04EC0-301F-11D3-BF4B-00C04F79EFBC}") = "boilercode", "boilercode\boilercode.csproj", "{406A5914-42D4-4B49-804A-DA58187822C0}"
EndProject
Global
	GlobalSection(SolutionConfigurationPlatforms) = preSolution
		Debug|Any CPU = Debug|Any CPU
		Release|Any CPU = Release|Any CPU
	EndGlobalSection
	GlobalSection(ProjectConfigurationPlatforms) = postSolution
		{406A5914-42D4-4B49-804A-DA58187822C0}.Debug|Any CPU.ActiveCfg = Debug|Any CPU
		{406A5914-42D4-4B49-804A-DA58187822C0}.Debug|Any CPU.Build.0 = Debug|Any CPU
		{406A5914-42D4-4B49-804A-DA58187822C0}.Release|Any CPU.ActiveCfg = Release|Any CPU
		{406A5914-42D4-4B49-804A-DA58187822C0}.Release|Any CPU.Build.0 = Release|Any CPU
	EndGlobalSection
	GlobalSection(SolutionProperties) = preSolution
		HideSolutionNode = FALSE
	EndGlobalSection
	GlobalSection(ExtensibilityGlobals) = postSolution
		SolutionGuid = {5E9AA473-572F-48C5-B762-84D7E8CA6188}
	EndGlobalSection
EndGlobal
